dependencies:
- name: postgresql
  repository: https://kubernetes-charts.storage.googleapis.com/
  version: 6.5.0
- name: redis
  repository: https://kubernetes-charts.storage.googleapis.com/
  version: 9.3.2
digest: sha256:e5a69fbe250b09af92d3a475076e4a32b88a0381ec99edeef2f996523b9c99fb
generated: "2020-08-20T14:04:39.569074+03:00"
